
Microsoft Visual Studio Solution File, Format Version 12.00
# Visual Studio Version 16
VisualStudioVersion = 16.0.30621.155
MinimumVisualStudioVersion = 10.0.40219.1
Project("{FAE04EC0-301F-11D3-BF4B-00C04F79EFBC}") = "Open.Journaling.Azure", "Open.Journaling.Azure\Open.Journaling.Azure.csproj", "{AD1307BE-D4E0-4F7A-8AE8-7537B9EF6F8A}"
EndProject
Project("{2150E333-8FDC-42A3-9474-1A3956D46DE8}") = "Tests", "Tests", "{78D5C93F-7215-4873-B98E-4A52774619E9}"
EndProject
Project("{FAE04EC0-301F-11D3-BF4B-00C04F79EFBC}") = "Open.Journaling.Azure.Tests", "Open.Journaling.Azure.Tests\Open.Journaling.Azure.Tests.csproj", "{52BC414C-BE36-4C7E-AE72-7BFC48D8DAC0}"
EndProject
Global
	GlobalSection(SolutionConfigurationPlatforms) = preSolution
		Debug|Any CPU = Debug|Any CPU
		Release|Any CPU = Release|Any CPU
	EndGlobalSection
	GlobalSection(ProjectConfigurationPlatforms) = postSolution
		{AD1307BE-D4E0-4F7A-8AE8-7537B9EF6F8A}.Debug|Any CPU.ActiveCfg = Debug|Any CPU
		{AD1307BE-D4E0-4F7A-8AE8-7537B9EF6F8A}.Debug|Any CPU.Build.0 = Debug|Any CPU
		{AD1307BE-D4E0-4F7A-8AE8-7537B9EF6F8A}.Release|Any CPU.ActiveCfg = Release|Any CPU
		{AD1307BE-D4E0-4F7A-8AE8-7537B9EF6F8A}.Release|Any CPU.Build.0 = Release|Any CPU
		{52BC414C-BE36-4C7E-AE72-7BFC48D8DAC0}.Debug|Any CPU.ActiveCfg = Debug|Any CPU
		{52BC414C-BE36-4C7E-AE72-7BFC48D8DAC0}.Debug|Any CPU.Build.0 = Debug|Any CPU
		{52BC414C-BE36-4C7E-AE72-7BFC48D8DAC0}.Release|Any CPU.ActiveCfg = Release|Any CPU
		{52BC414C-BE36-4C7E-AE72-7BFC48D8DAC0}.Release|Any CPU.Build.0 = Release|Any CPU
	EndGlobalSection
	GlobalSection(SolutionProperties) = preSolution
		HideSolutionNode = FALSE
	EndGlobalSection
	GlobalSection(NestedProjects) = preSolution
		{52BC414C-BE36-4C7E-AE72-7BFC48D8DAC0} = {78D5C93F-7215-4873-B98E-4A52774619E9}
	EndGlobalSection
	GlobalSection(ExtensibilityGlobals) = postSolution
		SolutionGuid = {99637DBA-413A-4132-80AD-0D90BDBEA1A3}
	EndGlobalSection
EndGlobal
